
Microsoft Visual Studio Solution File, Format Version 12.00
# Visual Studio Version 17
VisualStudioVersion = 17.13.35931.197
MinimumVisualStudioVersion = 10.0.40219.1
Project("{FAE04EC0-301F-11D3-BF4B-00C04F79EFBC}") = "EmployeeAngular", "EmployeeAngular\EmployeeAngular.csproj", "{E415E8BF-8B95-4129-9CB4-1EDAFDC2E648}"
EndProject
Global
	GlobalSection(SolutionConfigurationPlatforms) = preSolution
		Debug|Any CPU = Debug|Any CPU
		Release|Any CPU = Release|Any CPU
	EndGlobalSection
	GlobalSection(ProjectConfigurationPlatforms) = postSolution
		{E415E8BF-8B95-4129-9CB4-1EDAFDC2E648}.Debug|Any CPU.ActiveCfg = Debug|Any CPU
		{E415E8BF-8B95-4129-9CB4-1EDAFDC2E648}.Debug|Any CPU.Build.0 = Debug|Any CPU
		{E415E8BF-8B95-4129-9CB4-1EDAFDC2E648}.Release|Any CPU.ActiveCfg = Release|Any CPU
		{E415E8BF-8B95-4129-9CB4-1EDAFDC2E648}.Release|Any CPU.Build.0 = Release|Any CPU
	EndGlobalSection
	GlobalSection(SolutionProperties) = preSolution
		HideSolutionNode = FALSE
	EndGlobalSection
	GlobalSection(ExtensibilityGlobals) = postSolution
		SolutionGuid = {6A30AA7F-100F-4543-808D-F3D73DD7E520}
	EndGlobalSection
EndGlobal
